{
  "name": "fundamentos",
  "version": "1.0.0",
  "lockfileVersion": 3,
  "requires": true,
  "packages": {
    "": {
      "name": "fundamentos",
      "version": "1.0.0",
      "license": "ISC",
      "dependencies": {
        "httpie": "^1.1.2"
      }
    },
    "node_modules/httpie": {
      "version": "1.1.2",
      "resolved": "https://registry.npmjs.org/httpie/-/httpie-1.1.2.tgz",
      "integrity": "sha512-VQ82oXG95oY1fQw/XecHuvcFBA+lZQ9Vwj1RfLcO8a7HpDd4cc2ukwpJt+TUlFaLUAzZErylxWu6wclJ1rUhUQ==",
      "engines": {
        "node": ">=8"
      }
    }
  }
}
